// !$*UTF8*$!
{
	archiveVersion = 1;
	classes = {
	};
	objectVersion = 46;
	objects = {

/* Begin PBXBuildFile section */
		F10B07AF1B09E83700313E17 /* main.m in Sources */ = {isa = PBXBuildFile; fileRef = F10B07AE1B09E83700313E17 /* main.m */; };
		F10B07B21B09E83700313E17 /* AppDelegate.m in Sources */ = {isa = PBXBuildFile; fileRef = F10B07B11B09E83700313E17 /* AppDelegate.m */; };
		F10B07B51B09E83700313E17 /* ViewController.m in Sources */ = {isa = PBXBuildFile; fileRef = F10B07B41B09E83700313E17 /* ViewController.m */; };
		F10B07B81B09E83700313E17 /* Main.storyboard in Resources */ = {isa = PBXBuildFile; fileRef = F10B07B61B09E83700313E17 /* Main.storyboard */; };
		F10B07BA1B09E83700313E17 /* Images.xcassets in Resources */ = {isa = PBXBuildFile; fileRef = F10B07B91B09E83700313E17 /* Images.xcassets */; };
		F10B07BD1B09E83700313E17 /* LaunchScreen.xib in Resources */ = {isa = PBXBuildFile; fileRef = F10B07BB1B09E83700313E17 /* LaunchScreen.xib */; };
		F10B07C91B09E83700313E17 /* VCyclePicPlayer_2Tests.m in Sources */ = {isa = PBXBuildFile; fileRef = F10B07C81B09E83700313E17 /* VCyclePicPlayer_2Tests.m */; };
		F10B07D51B09E84800313E17 /* VCyclePicPlayer.m in Sources */ = {isa = PBXBuildFile; fileRef = F10B07D41B09E84800313E17 /* VCyclePicPlayer.m */; };
/* End PBXBuildFile section */

/* Begin PBXContainerItemProxy section */
		F10B07C31B09E83700313E17 /* PBXContainerItemProxy */ = {
			isa = PBXContainerItemProxy;
			containerPortal = F10B07A11B09E83700313E17 /* Project object */;
			proxyType = 1;
			remoteGlobalIDString = F10B07A81B09E83700313E17;
			remoteInfo = VCyclePicPlayer_2;
		};
/* End PBXContainerItemProxy section */

/* Begin PBXFileReference section */
		F10B07A91B09E83700313E17 /* VCyclePicPlayer_2.app */ = {isa = PBXFileReference; explicitFileType = wrapper.application; includeInIndex = 0; path = VCyclePicPlayer_2.app; sourceTree = BUILT_PRODUCTS_DIR; };
		F10B07AD1B09E83700313E17 /* Info.plist */ = {isa = PBXFileReference; lastKnownFileType = text.plist.xml; path = Info.plist; sourceTree = "<group>"; };
		F10B07AE1B09E83700313E17 /* main.m */ = {isa = PBXFileReference; lastKnownFileType = sourcecode.c.objc; path = main.m; sourceTree = "<group>"; };
		F10B07B01B09E83700313E17 /* AppDelegate.h */ = {isa = PBXFileReference; lastKnownFileType = sourcecode.c.h; path = AppDelegate.h; sourceTree = "<group>"; };
		F10B07B11B09E83700313E17 /* AppDelegate.m */ = {isa = PBXFileReference; lastKnownFileType = sourcecode.c.objc; path = AppDelegate.m; sourceTree = "<group>"; };
		F10B07B31B09E83700313E17 /* ViewController.h */ = {isa = PBXFileReference; lastKnownFileType = sourcecode.c.h; path = ViewController.h; sourceTree = "<group>"; };
		F10B07B41B09E83700313E17 /* ViewController.m */ = {isa = PBXFileReference; lastKnownFileType = sourcecode.c.objc; path = ViewController.m; sourceTree = "<group>"; };
		F10B07B71B09E83700313E17 /* Base */ = {isa = PBXFileReference; lastKnownFileType = file.storyboard; name = Base; path = Base.lproj/Main.storyboard; sourceTree = "<group>"; };
		F10B07B91B09E83700313E17 /* Images.xcassets */ = {isa = PBXFileReference; lastKnownFileType = folder.assetcatalog; path = Images.xcassets; sourceTree = "<group>"; };
		F10B07BC1B09E83700313E17 /* Base */ = {isa = PBXFileReference; lastKnownFileType = file.xib; name = Base; path = Base.lproj/LaunchScreen.xib; sourceTree = "<group>"; };
		F10B07C21B09E83700313E17 /* VCyclePicPlayer_2Tests.xctest */ = {isa = PBXFileReference; explicitFileType = wrapper.cfbundle; includeInIndex = 0; path = VCyclePicPlayer_2Tests.xctest; sourceTree = BUILT_PRODUCTS_DIR; };
		F10B07C71B09E83700313E17 /* Info.plist */ = {isa = PBXFileReference; lastKnownFileType = text.plist.xml; path = Info.plist; sourceTree = "<group>"; };
		F10B07C81B09E83700313E17 /* VCyclePicPlayer_2Tests.m */ = {isa = PBXFileReference; lastKnownFileType = sourcecode.c.objc; path = VCyclePicPlayer_2Tests.m; sourceTree = "<group>"; };
		F10B07D31B09E84800313E17 /* VCyclePicPlayer.h */ = {isa = PBXFileReference; fileEncoding = 4; lastKnownFileType = sourcecode.c.h; path = VCyclePicPlayer.h; sourceTree = "<group>"; };
		F10B07D41B09E84800313E17 /* VCyclePicPlayer.m */ = {isa = PBXFileReference; fileEncoding = 4; lastKnownFileType = sourcecode.c.objc; path = VCyclePicPlayer.m; sourceTree = "<group>"; };
/* End PBXFileReference section */

/* Begin PBXFrameworksBuildPhase section */
		F10B07A61B09E83700313E17 /* Frameworks */ = {
			isa = PBXFrameworksBuildPhase;
			buildActionMask = 2147483647;
			files = (
			);
			runOnlyForDeploymentPostprocessing = 0;
		};
		F10B07BF1B09E83700313E17 /* Frameworks */ = {
			isa = PBXFrameworksBuildPhase;
			buildActionMask = 2147483647;
			files = (
			);
			runOnlyForDeploymentPostprocessing = 0;
		};
/* End PBXFrameworksBuildPhase section */

/* Begin PBXGroup section */
		F10B07A01B09E83700313E17 = {
			isa = PBXGroup;
			children = (
				F10B07AB1B09E83700313E17 /* VCyclePicPlayer_2 */,
				F10B07C51B09E83700313E17 /* VCyclePicPlayer_2Tests */,
				F10B07AA1B09E83700313E17 /* Products */,
			);
			sourceTree = "<group>";
		};
		F10B07AA1B09E83700313E17 /* Products */ = {
			isa = PBXGroup;
			children = (
				F10B07A91B09E83700313E17 /* VCyclePicPlayer_2.app */,
				F10B07C21B09E83700313E17 /* VCyclePicPlayer_2Tests.xctest */,
			);
			name = Products;
			sourceTree = "<group>";
		};
		F10B07AB1B09E83700313E17 /* VCyclePicPlayer_2 */ = {
			isa = PBXGroup;
			children = (
				F10B07D21B09E84800313E17 /* VCyclePicPlayer */,
				F10B07B01B09E83700313E17 /* AppDelegate.h */,
				F10B07B11B09E83700313E17 /* AppDelegate.m */,
				F10B07B31B09E83700313E17 /* ViewController.h */,
				F10B07B41B09E83700313E17 /* ViewController.m */,
				F10B07B61B09E83700313E17 /* Main.storyboard */,
				F10B07B91B09E83700313E17 /* Images.xcassets */,
				F10B07BB1B09E83700313E17 /* LaunchScreen.xib */,
				F10B07AC1B09E83700313E17 /* Supporting Files */,
			);
			path = VCyclePicPlayer_2;
			sourceTree = "<group>";
		};
		F10B07AC1B09E83700313E17 /* Supporting Files */ = {
			isa = PBXGroup;
			children = (
				F10B07AD1B09E83700313E17 /* Info.plist */,
				F10B07AE1B09E83700313E17 /* main.m */,
			);
			name = "Supporting Files";
			sourceTree = "<group>";
		};
		F10B07C51B09E83700313E17 /* VCyclePicPlayer_2Tests */ = {
			isa = PBXGroup;
			children = (
				F10B07C81B09E83700313E17 /* VCyclePicPlayer_2Tests.m */,
				F10B07C61B09E83700313E17 /* Supporting Files */,
			);
			path = VCyclePicPlayer_2Tests;
			sourceTree = "<group>";
		};
		F10B07C61B09E83700313E17 /* Supporting Files */ = {
			isa = PBXGroup;
			children = (
				F10B07C71B09E83700313E17 /* Info.plist */,
			);
			name = "Supporting Files";
			sourceTree = "<group>";
		};
		F10B07D21B09E84800313E17 /* VCyclePicPlayer */ = {
			isa = PBXGroup;
			children = (
				F10B07D31B09E84800313E17 /* VCyclePicPlayer.h */,
				F10B07D41B09E84800313E17 /* VCyclePicPlayer.m */,
			);
			path = VCyclePicPlayer;
			sourceTree = "<group>";
		};
/* End PBXGroup section */

/* Begin PBXNativeTarget section */
		F10B07A81B09E83700313E17 /* VCyclePicPlayer_2 */ = {
			isa = PBXNativeTarget;
			buildConfigurationList = F10B07CC1B09E83700313E17 /* Build configuration list for PBXNativeTarget "VCyclePicPlayer_2" */;
			buildPhases = (
				F10B07A51B09E83700313E17 /* Sources */,
				F10B07A61B09E83700313E17 /* Frameworks */,
				F10B07A71B09E83700313E17 /* Resources */,
			);
			buildRules = (
			);
			dependencies = (
			);
			name = VCyclePicPlayer_2;
			productName = VCyclePicPlayer_2;
			productReference = F10B07A91B09E83700313E17 /* VCyclePicPlayer_2.app */;
			productType = "com.apple.product-type.application";
		};
		F10B07C11B09E83700313E17 /* VCyclePicPlayer_2Tests */ = {
			isa = PBXNativeTarget;
			buildConfigurationList = F10B07CF1B09E83700313E17 /* Build configuration list for PBXNativeTarget "VCyclePicPlayer_2Tests" */;
			buildPhases = (
				F10B07BE1B09E83700313E17 /* Sources */,
				F10B07BF1B09E83700313E17 /* Frameworks */,
				F10B07C01B09E83700313E17 /* Resources */,
			);
			buildRules = (
			);
			dependencies = (
				F10B07C41B09E83700313E17 /* PBXTargetDependency */,
			);
			name = VCyclePicPlayer_2Tests;
			productName = VCyclePicPlayer_2Tests;
			productReference = F10B07C21B09E83700313E17 /* VCyclePicPlayer_2Tests.xctest */;
			productType = "com.apple.product-type.bundle.unit-test";
		};
/* End PBXNativeTarget section */

/* Begin PBXProject section */
		F10B07A11B09E83700313E17 /* Project object */ = {
			isa = PBXProject;
			attributes = {
				LastUpgradeCheck = 0630;
				ORGANIZATIONNAME = Vols;
				TargetAttributes = {
					F10B07A81B09E83700313E17 = {
						CreatedOnToolsVersion = 6.3.1;
					};
					F10B07C11B09E83700313E17 = {
						CreatedOnToolsVersion = 6.3.1;
						TestTargetID = F10B07A81B09E83700313E17;
					};
				};
			};
			buildConfigurationList = F10B07A41B09E83700313E17 /* Build configuration list for PBXProject "VCyclePicPlayer_2" */;
			compatibilityVersion = "Xcode 3.2";
			developmentRegion = English;
			hasScannedForEncodings = 0;
			knownRegions = (
				en,
				Base,
			);
			mainGroup = F10B07A01B09E83700313E17;
			productRefGroup = F10B07AA1B09E83700313E17 /* Products */;
			projectDirPath = "";
			projectRoot = "";
			targets = (
				F10B07A81B09E83700313E17 /* VCyclePicPlayer_2 */,
				F10B07C11B09E83700313E17 /* VCyclePicPlayer_2Tests */,
			);
		};
/* End PBXProject section */

/* Begin PBXResourcesBuildPhase section */
		F10B07A71B09E83700313E17 /* Resources */ = {
			isa = PBXResourcesBuildPhase;
			buildActionMask = 2147483647;
			files = (
				F10B07B81B09E83700313E17 /* Main.storyboard in Resources */,
				F10B07BD1B09E83700313E17 /* LaunchScreen.xib in Resources */,
				F10B07BA1B09E83700313E17 /* Images.xcassets in Resources */,
			);
			runOnlyForDeploymentPostprocessing = 0;
		};
		F10B07C01B09E83700313E17 /* Resources */ = {
			isa = PBXResourcesBuildPhase;
			buildActionMask = 2147483647;
			files = (
			);
			runOnlyForDeploymentPostprocessing = 0;
		};
/* End PBXResourcesBuildPhase section */

/* Begin PBXSourcesBuildPhase section */
		F10B07A51B09E83700313E17 /* Sources */ = {
			isa = PBXSourcesBuildPhase;
			buildActionMask = 2147483647;
			files = (
				F10B07B51B09E83700313E17 /* ViewController.m in Sources */,
				F10B07B21B09E83700313E17 /* AppDelegate.m in Sources */,
				F10B07AF1B09E83700313E17 /* main.m in Sources */,
				F10B07D51B09E84800313E17 /* VCyclePicPlayer.m in Sources */,
			);
			runOnlyForDeploymentPostprocessing = 0;
		};
		F10B07BE1B09E83700313E17 /* Sources */ = {
			isa = PBXSourcesBuildPhase;
			buildActionMask = 2147483647;
			files = (
				F10B07C91B09E83700313E17 /* VCyclePicPlayer_2Tests.m in Sources */,
			);
			runOnlyForDeploymentPostprocessing = 0;
		};
/* End PBXSourcesBuildPhase section */

/* Begin PBXTargetDependency section */
		F10B07C41B09E83700313E17 /* PBXTargetDependency */ = {
			isa = PBXTargetDependency;
			target = F10B07A81B09E83700313E17 /* VCyclePicPlayer_2 */;
			targetProxy = F10B07C31B09E83700313E17 /* PBXContainerItemProxy */;
		};
/* End PBXTargetDependency section */

/* Begin PBXVariantGroup section */
		F10B07B61B09E83700313E17 /* Main.storyboard */ = {
			isa = PBXVariantGroup;
			children = (
				F10B07B71B09E83700313E17 /* Base */,
			);
			name = Main.storyboard;
			sourceTree = "<group>";
		};
		F10B07BB1B09E83700313E17 /* LaunchScreen.xib */ = {
			isa = PBXVariantGroup;
			children = (
				F10B07BC1B09E83700313E17 /* Base */,
			);
			name = LaunchScreen.xib;
			sourceTree = "<group>";
		};
/* End PBXVariantGroup section */

/* Begin XCBuildConfiguration section */
		F10B07CA1B09E83700313E17 /* Debug */ = {
			isa = XCBuildConfiguration;
			buildSettings = {
				ALWAYS_SEARCH_USER_PATHS = NO;
				CLANG_CXX_LANGUAGE_STANDARD = "gnu++0x";
				CLANG_CXX_LIBRARY = "libc++";
				CLANG_ENABLE_MODULES = YES;
				CLANG_ENABLE_OBJC_ARC = YES;
				CLANG_WARN_BOOL_CONVERSION = YES;
				CLANG_WARN_CONSTANT_CONVERSION = YES;
				CLANG_WARN_DIRECT_OBJC_ISA_USAGE = YES_ERROR;
				CLANG_WARN_EMPTY_BODY = YES;
				CLANG_WARN_ENUM_CONVERSION = YES;
				CLANG_WARN_INT_CONVERSION = YES;
				CLANG_WARN_OBJC_ROOT_CLASS = YES_ERROR;
				CLANG_WARN_UNREACHABLE_CODE = YES;
				CLANG_WARN__DUPLICATE_METHOD_MATCH = YES;
				"CODE_SIGN_IDENTITY[sdk=iphoneos*]" = "iPhone Developer";
				COPY_PHASE_STRIP = NO;
				DEBUG_INFORMATION_FORMAT = "dwarf-with-dsym";
				ENABLE_STRICT_OBJC_MSGSEND = YES;
				GCC_C_LANGUAGE_STANDARD = gnu99;
				GCC_DYNAMIC_NO_PIC = NO;
				GCC_NO_COMMON_BLOCKS = YES;
				GCC_OPTIMIZATION_LEVEL = 0;
				GCC_PREPROCESSOR_DEFINITIONS = (
					"DEBUG=1",
					"$(inherited)",
				);
				GCC_SYMBOLS_PRIVATE_EXTERN = NO;
				GCC_WARN_64_TO_32_BIT_CONVERSION = YES;
				GCC_WARN_ABOUT_RETURN_TYPE = YES_ERROR;
				GCC_WARN_UNDECLARED_SELECTOR = YES;
				GCC_WARN_UNINITIALIZED_AUTOS = YES_AGGRESSIVE;
				GCC_WARN_UNUSED_FUNCTION = YES;
				GCC_WARN_UNUSED_VARIABLE = YES;
				IPHONEOS_DEPLOYMENT_TARGET = 8.3;
				MTL_ENABLE_DEBUG_INFO = YES;
				ONLY_ACTIVE_ARCH = YES;
				SDKROOT = iphoneos;
			};
			name = Debug;
		};
		F10B07CB1B09E83700313E17 /* Release */ = {
			isa = XCBuildConfiguration;
			buildSettings = {
				ALWAYS_SEARCH_USER_PATHS = NO;
				CLANG_CXX_LANGUAGE_STANDARD = "gnu++0x";
				CLANG_CXX_LIBRARY = "libc++";
				CLANG_ENABLE_MODULES = YES;
				CLANG_ENABLE_OBJC_ARC = YES;
				CLANG_WARN_BOOL_CONVERSION = YES;
				CLANG_WARN_CONSTANT_CONVERSION = YES;
				CLANG_WARN_DIRECT_OBJC_ISA_USAGE = YES_ERROR;
				CLANG_WARN_EMPTY_BODY = YES;
				CLANG_WARN_ENUM_CONVERSION = YES;
				CLANG_WARN_INT_CONVERSION = YES;
				CLANG_WARN_OBJC_ROOT_CLASS = YES_ERROR;
				CLANG_WARN_UNREACHABLE_CODE = YES;
				CLANG_WARN__DUPLICATE_METHOD_MATCH = YES;
				"CODE_SIGN_IDENTITY[sdk=iphoneos*]" = "iPhone Developer";
				COPY_PHASE_STRIP = NO;
				DEBUG_INFORMATION_FORMAT = "dwarf-with-dsym";
				ENABLE_NS_ASSERTIONS = NO;
				ENABLE_STRICT_OBJC_MSGSEND = YES;
				GCC_C_LANGUAGE_STANDARD = gnu99;
				GCC_NO_COMMON_BLOCKS = YES;
				GCC_WARN_64_TO_32_BIT_CONVERSION = YES;
				GCC_WARN_ABOUT_RETURN_TYPE = YES_ERROR;
				GCC_WARN_UNDECLARED_SELECTOR = YES;
				GCC_WARN_UNINITIALIZED_AUTOS = YES_AGGRESSIVE;
				GCC_WARN_UNUSED_FUNCTION = YES;
				GCC_WARN_UNUSED_VARIABLE = YES;
				IPHONEOS_DEPLOYMENT_TARGET = 8.3;
				MTL_ENABLE_DEBUG_INFO = NO;
				SDKROOT = iphoneos;
				VALIDATE_PRODUCT = YES;
			};
			name = Release;
		};
		F10B07CD1B09E83700313E17 /* Debug */ = {
			isa = XCBuildConfiguration;
			buildSettings = {
				ASSETCATALOG_COMPILER_APPICON_NAME = AppIcon;
				INFOPLIST_FILE = VCyclePicPlayer_2/Info.plist;
				LD_RUNPATH_SEARCH_PATHS = "$(inherited) @executable_path/Frameworks";
				PRODUCT_NAME = "$(TARGET_NAME)";
			};
			name = Debug;
		};
		F10B07CE1B09E83700313E17 /* Release */ = {
			isa = XCBuildConfiguration;
			buildSettings = {
				ASSETCATALOG_COMPILER_APPICON_NAME = AppIcon;
				INFOPLIST_FILE = VCyclePicPlayer_2/Info.plist;
				LD_RUNPATH_SEARCH_PATHS = "$(inherited) @executable_path/Frameworks";
				PRODUCT_NAME = "$(TARGET_NAME)";
			};
			name = Release;
		};
		F10B07D01B09E83700313E17 /* Debug */ = {
			isa = XCBuildConfiguration;
			buildSettings = {
				BUNDLE_LOADER = "$(TEST_HOST)";
				FRAMEWORK_SEARCH_PATHS = (
					"$(SDKROOT)/Developer/Library/Frameworks",
					"$(inherited)",
				);
				GCC_PREPROCESSOR_DEFINITIONS = (
					"DEBUG=1",
					"$(inherited)",
				);
				INFOPLIST_FILE = VCyclePicPlayer_2Tests/Info.plist;
				LD_RUNPATH_SEARCH_PATHS = "$(inherited) @executable_path/Frameworks @loader_path/Frameworks";
				PRODUCT_NAME = "$(TARGET_NAME)";
				TEST_HOST = "$(BUILT_PRODUCTS_DIR)/VCyclePicPlayer_2.app/VCyclePicPlayer_2";
			};
			name = Debug;
		};
		F10B07D11B09E83700313E17 /* Release */ = {
			isa = XCBuildConfiguration;
			buildSettings = {
				BUNDLE_LOADER = "$(TEST_HOST)";
				FRAMEWORK_SEARCH_PATHS = (
					"$(SDKROOT)/Developer/Library/Frameworks",
					"$(inherited)",
				);
				INFOPLIST_FILE = VCyclePicPlayer_2Tests/Info.plist;
				LD_RUNPATH_SEARCH_PATHS = "$(inherited) @executable_path/Frameworks @loader_path/Frameworks";
				PRODUCT_NAME = "$(TARGET_NAME)";
				TEST_HOST = "$(BUILT_PRODUCTS_DIR)/VCyclePicPlayer_2.app/VCyclePicPlayer_2";
			};
			name = Release;
		};
/* End XCBuildConfiguration section */

/* Begin XCConfigurationList section */
		F10B07A41B09E83700313E17 /* Build configuration list for PBXProject "VCyclePicPlayer_2" */ = {
			isa = XCConfigurationList;
			buildConfigurations = (
				F10B07CA1B09E83700313E17 /* Debug */,
				F10B07CB1B09E83700313E17 /* Release */,
			);
			defaultConfigurationIsVisible = 0;
			defaultConfigurationName = Release;
		};
		F10B07CC1B09E83700313E17 /* Build configuration list for PBXNativeTarget "VCyclePicPlayer_2" */ = {
			isa = XCConfigurationList;
			buildConfigurations = (
				F10B07CD1B09E83700313E17 /* Debug */,
				F10B07CE1B09E83700313E17 /* Release */,
			);
			defaultConfigurationIsVisible = 0;
		};
		F10B07CF1B09E83700313E17 /* Build configuration list for PBXNativeTarget "VCyclePicPlayer_2Tests" */ = {
			isa = XCConfigurationList;
			buildConfigurations = (
				F10B07D01B09E83700313E17 /* Debug */,
				F10B07D11B09E83700313E17 /* Release */,
			);
			defaultConfigurationIsVisible = 0;
		};
/* End XCConfigurationList section */
	};
	rootObject = F10B07A11B09E83700313E17 /* Project object */;
}
